
Microsoft Visual Studio Solution File, Format Version 12.00
# Visual Studio Version 17
VisualStudioVersion = 17.7.34031.279
MinimumVisualStudioVersion = 10.0.40219.1
Project("{FAE04EC0-301F-11D3-BF4B-00C04F79EFBC}") = "Test-task2", "Test-task2\Test-task2.csproj", "{570EC3CF-4E20-4C7D-A0E4-82B7B385E6B1}"
EndProject
Global
	GlobalSection(SolutionConfigurationPlatforms) = preSolution
		Debug|Any CPU = Debug|Any CPU
		Release|Any CPU = Release|Any CPU
	EndGlobalSection
	GlobalSection(ProjectConfigurationPlatforms) = postSolution
		{570EC3CF-4E20-4C7D-A0E4-82B7B385E6B1}.Debug|Any CPU.ActiveCfg = Debug|Any CPU
		{570EC3CF-4E20-4C7D-A0E4-82B7B385E6B1}.Debug|Any CPU.Build.0 = Debug|Any CPU
		{570EC3CF-4E20-4C7D-A0E4-82B7B385E6B1}.Release|Any CPU.ActiveCfg = Release|Any CPU
		{570EC3CF-4E20-4C7D-A0E4-82B7B385E6B1}.Release|Any CPU.Build.0 = Release|Any CPU
	EndGlobalSection
	GlobalSection(SolutionProperties) = preSolution
		HideSolutionNode = FALSE
	EndGlobalSection
	GlobalSection(ExtensibilityGlobals) = postSolution
		SolutionGuid = {DD574ED6-1B0B-4EEE-A0B7-5E07CE0FB5BE}
	EndGlobalSection
EndGlobal
